// !$*UTF8*$!
{
	archiveVersion = 1;
	classes = {
	};
	objectVersion = 46;
	objects = {

/* Begin PBXBuildFile section */
		2FAB76081E17E96800D30E1F /* AppDelegate.swift in Sources */ = {isa = PBXBuildFile; fileRef = 2FAB76071E17E96800D30E1F /* AppDelegate.swift */; };
		2FAB760A1E17E96800D30E1F /* MainVC.swift in Sources */ = {isa = PBXBuildFile; fileRef = 2FAB76091E17E96800D30E1F /* MainVC.swift */; };
		2FAB760D1E17E96800D30E1F /* Main.storyboard in Resources */ = {isa = PBXBuildFile; fileRef = 2FAB760B1E17E96800D30E1F /* Main.storyboard */; };
		2FAB760F1E17E96800D30E1F /* Assets.xcassets in Resources */ = {isa = PBXBuildFile; fileRef = 2FAB760E1E17E96800D30E1F /* Assets.xcassets */; };
		2FAB76121E17E96800D30E1F /* LaunchScreen.storyboard in Resources */ = {isa = PBXBuildFile; fileRef = 2FAB76101E17E96800D30E1F /* LaunchScreen.storyboard */; };
		2FB66DAE1E1D1FEE00B4A8FA /* still time.ttf in Resources */ = {isa = PBXBuildFile; fileRef = 2FB66DAD1E1D1FEE00B4A8FA /* still time.ttf */; };
		2FB66DB11E1D20B900B4A8FA /* VideoVC.swift in Sources */ = {isa = PBXBuildFile; fileRef = 2FB66DB01E1D20B900B4A8FA /* VideoVC.swift */; };
		2FB66DB31E1D219700B4A8FA /* PartyCell.swift in Sources */ = {isa = PBXBuildFile; fileRef = 2FB66DB21E1D219700B4A8FA /* PartyCell.swift */; };
		2FB66DB51E1D22B600B4A8FA /* PartyRock.swift in Sources */ = {isa = PBXBuildFile; fileRef = 2FB66DB41E1D22B600B4A8FA /* PartyRock.swift */; };
/* End PBXBuildFile section */

/* Begin PBXFileReference section */
		2FAB76041E17E96800D30E1F /* PartyRockMsn.app */ = {isa = PBXFileReference; explicitFileType = wrapper.application; includeInIndex = 0; path = PartyRockMsn.app; sourceTree = BUILT_PRODUCTS_DIR; };
		2FAB76071E17E96800D30E1F /* AppDelegate.swift */ = {isa = PBXFileReference; lastKnownFileType = sourcecode.swift; path = AppDelegate.swift; sourceTree = "<group>"; };
		2FAB76091E17E96800D30E1F /* MainVC.swift */ = {isa = PBXFileReference; lastKnownFileType = sourcecode.swift; path = MainVC.swift; sourceTree = "<group>"; };
		2FAB760C1E17E96800D30E1F /* Base */ = {isa = PBXFileReference; lastKnownFileType = file.storyboard; name = Base; path = Base.lproj/Main.storyboard; sourceTree = "<group>"; };
		2FAB760E1E17E96800D30E1F /* Assets.xcassets */ = {isa = PBXFileReference; lastKnownFileType = folder.assetcatalog; path = Assets.xcassets; sourceTree = "<group>"; };
		2FAB76111E17E96800D30E1F /* Base */ = {isa = PBXFileReference; lastKnownFileType = file.storyboard; name = Base; path = Base.lproj/LaunchScreen.storyboard; sourceTree = "<group>"; };
		2FAB76131E17E96800D30E1F /* Info.plist */ = {isa = PBXFileReference; lastKnownFileType = text.plist.xml; path = Info.plist; sourceTree = "<group>"; };
		2FB66DAD1E1D1FEE00B4A8FA /* still time.ttf */ = {isa = PBXFileReference; lastKnownFileType = file; path = "still time.ttf"; sourceTree = "<group>"; };
		2FB66DB01E1D20B900B4A8FA /* VideoVC.swift */ = {isa = PBXFileReference; fileEncoding = 4; lastKnownFileType = sourcecode.swift; path = VideoVC.swift; sourceTree = "<group>"; };
		2FB66DB21E1D219700B4A8FA /* PartyCell.swift */ = {isa = PBXFileReference; fileEncoding = 4; lastKnownFileType = sourcecode.swift; path = PartyCell.swift; sourceTree = "<group>"; };
		2FB66DB41E1D22B600B4A8FA /* PartyRock.swift */ = {isa = PBXFileReference; fileEncoding = 4; lastKnownFileType = sourcecode.swift; path = PartyRock.swift; sourceTree = "<group>"; };
/* End PBXFileReference section */

/* Begin PBXFrameworksBuildPhase section */
		2FAB76011E17E96800D30E1F /* Frameworks */ = {
			isa = PBXFrameworksBuildPhase;
			buildActionMask = 2147483647;
			files = (
			);
			runOnlyForDeploymentPostprocessing = 0;
		};
/* End PBXFrameworksBuildPhase section */

/* Begin PBXGroup section */
		2FAB75FB1E17E96800D30E1F = {
			isa = PBXGroup;
			children = (
				2FAB76061E17E96800D30E1F /* PartyRockMsn */,
				2FAB76051E17E96800D30E1F /* Products */,
			);
			sourceTree = "<group>";
		};
		2FAB76051E17E96800D30E1F /* Products */ = {
			isa = PBXGroup;
			children = (
				2FAB76041E17E96800D30E1F /* PartyRockMsn.app */,
			);
			name = Products;
			sourceTree = "<group>";
		};
		2FAB76061E17E96800D30E1F /* PartyRockMsn */ = {
			isa = PBXGroup;
			children = (
				2FB66DAF1E1D1FF700B4A8FA /* Files */,
				2FAB761B1E17EA1800D30E1F /* Model */,
				2FAB761A1E17EA1000D30E1F /* View */,
				2FAB76191E17EA0200D30E1F /* Controller */,
				2FAB76071E17E96800D30E1F /* AppDelegate.swift */,
				2FAB760E1E17E96800D30E1F /* Assets.xcassets */,
				2FAB76101E17E96800D30E1F /* LaunchScreen.storyboard */,
				2FAB76131E17E96800D30E1F /* Info.plist */,
			);
			path = PartyRockMsn;
			sourceTree = "<group>";
		};
		2FAB76191E17EA0200D30E1F /* Controller */ = {
			isa = PBXGroup;
			children = (
				2FAB76091E17E96800D30E1F /* MainVC.swift */,
				2FB66DB01E1D20B900B4A8FA /* VideoVC.swift */,
			);
			name = Controller;
			sourceTree = "<group>";
		};
		2FAB761A1E17EA1000D30E1F /* View */ = {
			isa = PBXGroup;
			children = (
				2FAB760B1E17E96800D30E1F /* Main.storyboard */,
				2FB66DB21E1D219700B4A8FA /* PartyCell.swift */,
			);
			name = View;
			sourceTree = "<group>";
		};
		2FAB761B1E17EA1800D30E1F /* Model */ = {
			isa = PBXGroup;
			children = (
				2FB66DB41E1D22B600B4A8FA /* PartyRock.swift */,
			);
			name = Model;
			sourceTree = "<group>";
		};
		2FB66DAF1E1D1FF700B4A8FA /* Files */ = {
			isa = PBXGroup;
			children = (
				2FB66DAD1E1D1FEE00B4A8FA /* still time.ttf */,
			);
			name = Files;
			sourceTree = "<group>";
		};
/* End PBXGroup section */

/* Begin PBXNativeTarget section */
		2FAB76031E17E96800D30E1F /* PartyRockMsn */ = {
			isa = PBXNativeTarget;
			buildConfigurationList = 2FAB76161E17E96800D30E1F /* Build configuration list for PBXNativeTarget "PartyRockMsn" */;
			buildPhases = (
				2FAB76001E17E96800D30E1F /* Sources */,
				2FAB76011E17E96800D30E1F /* Frameworks */,
				2FAB76021E17E96800D30E1F /* Resources */,
			);
			buildRules = (
			);
			dependencies = (
			);
			name = PartyRockMsn;
			productName = PartyRockMsn;
			productReference = 2FAB76041E17E96800D30E1F /* PartyRockMsn.app */;
			productType = "com.apple.product-type.application";
		};
/* End PBXNativeTarget section */

/* Begin PBXProject section */
		2FAB75FC1E17E96800D30E1F /* Project object */ = {
			isa = PBXProject;
			attributes = {
				LastSwiftUpdateCheck = 0820;
				LastUpgradeCheck = 0820;
				ORGANIZATIONNAME = "Thiago Costa";
				TargetAttributes = {
					2FAB76031E17E96800D30E1F = {
						CreatedOnToolsVersion = 8.2.1;
						DevelopmentTeam = SM78J7YPSS;
						ProvisioningStyle = Automatic;
					};
				};
			};
			buildConfigurationList = 2FAB75FF1E17E96800D30E1F /* Build configuration list for PBXProject "PartyRockMsn" */;
			compatibilityVersion = "Xcode 3.2";
			developmentRegion = English;
			hasScannedForEncodings = 0;
			knownRegions = (
				en,
				Base,
			);
			mainGroup = 2FAB75FB1E17E96800D30E1F;
			productRefGroup = 2FAB76051E17E96800D30E1F /* Products */;
			projectDirPath = "";
			projectRoot = "";
			targets = (
				2FAB76031E17E96800D30E1F /* PartyRockMsn */,
			);
		};
/* End PBXProject section */

/* Begin PBXResourcesBuildPhase section */
		2FAB76021E17E96800D30E1F /* Resources */ = {
			isa = PBXResourcesBuildPhase;
			buildActionMask = 2147483647;
			files = (
				2FAB76121E17E96800D30E1F /* LaunchScreen.storyboard in Resources */,
				2FB66DAE1E1D1FEE00B4A8FA /* still time.ttf in Resources */,
				2FAB760F1E17E96800D30E1F /* Assets.xcassets in Resources */,
				2FAB760D1E17E96800D30E1F /* Main.storyboard in Resources */,
			);
			runOnlyForDeploymentPostprocessing = 0;
		};
/* End PBXResourcesBuildPhase section */

/* Begin PBXSourcesBuildPhase section */
		2FAB76001E17E96800D30E1F /* Sources */ = {
			isa = PBXSourcesBuildPhase;
			buildActionMask = 2147483647;
			files = (
				2FB66DB11E1D20B900B4A8FA /* VideoVC.swift in Sources */,
				2FAB760A1E17E96800D30E1F /* MainVC.swift in Sources */,
				2FB66DB51E1D22B600B4A8FA /* PartyRock.swift in Sources */,
				2FB66DB31E1D219700B4A8FA /* PartyCell.swift in Sources */,
				2FAB76081E17E96800D30E1F /* AppDelegate.swift in Sources */,
			);
			runOnlyForDeploymentPostprocessing = 0;
		};
/* End PBXSourcesBuildPhase section */

/* Begin PBXVariantGroup section */
		2FAB760B1E17E96800D30E1F /* Main.storyboard */ = {
			isa = PBXVariantGroup;
			children = (
				2FAB760C1E17E96800D30E1F /* Base */,
			);
			name = Main.storyboard;
			sourceTree = "<group>";
		};
		2FAB76101E17E96800D30E1F /* LaunchScreen.storyboard */ = {
			isa = PBXVariantGroup;
			children = (
				2FAB76111E17E96800D30E1F /* Base */,
			);
			name = LaunchScreen.storyboard;
			sourceTree = "<group>";
		};
/* End PBXVariantGroup section */

/* Begin XCBuildConfiguration section */
		2FAB76141E17E96800D30E1F /* Debug */ = {
			isa = XCBuildConfiguration;
			buildSettings = {
				ALWAYS_SEARCH_USER_PATHS = NO;
				CLANG_ANALYZER_NONNULL = YES;
				CLANG_CXX_LANGUAGE_STANDARD = "gnu++0x";
				CLANG_CXX_LIBRARY = "libc++";
				CLANG_ENABLE_MODULES = YES;
				CLANG_ENABLE_OBJC_ARC = YES;
				CLANG_WARN_BOOL_CONVERSION = YES;
				CLANG_WARN_CONSTANT_CONVERSION = YES;
				CLANG_WARN_DIRECT_OBJC_ISA_USAGE = YES_ERROR;
				CLANG_WARN_DOCUMENTATION_COMMENTS = YES;
				CLANG_WARN_EMPTY_BODY = YES;
				CLANG_WARN_ENUM_CONVERSION = YES;
				CLANG_WARN_INFINITE_RECURSION = YES;
				CLANG_WARN_INT_CONVERSION = YES;
				CLANG_WARN_OBJC_ROOT_CLASS = YES_ERROR;
				CLANG_WARN_SUSPICIOUS_MOVE = YES;
				CLANG_WARN_UNREACHABLE_CODE = YES;
				CLANG_WARN__DUPLICATE_METHOD_MATCH = YES;
				"CODE_SIGN_IDENTITY[sdk=iphoneos*]" = "iPhone Developer";
				COPY_PHASE_STRIP = NO;
				DEBUG_INFORMATION_FORMAT = dwarf;
				ENABLE_STRICT_OBJC_MSGSEND = YES;
				ENABLE_TESTABILITY = YES;
				GCC_C_LANGUAGE_STANDARD = gnu99;
				GCC_DYNAMIC_NO_PIC = NO;
				GCC_NO_COMMON_BLOCKS = YES;
				GCC_OPTIMIZATION_LEVEL = 0;
				GCC_PREPROCESSOR_DEFINITIONS = (
					"DEBUG=1",
					"$(inherited)",
				);
				GCC_WARN_64_TO_32_BIT_CONVERSION = YES;
				GCC_WARN_ABOUT_RETURN_TYPE = YES_ERROR;
				GCC_WARN_UNDECLARED_SELECTOR = YES;
				GCC_WARN_UNINITIALIZED_AUTOS = YES_AGGRESSIVE;
				GCC_WARN_UNUSED_FUNCTION = YES;
				GCC_WARN_UNUSED_VARIABLE = YES;
				IPHONEOS_DEPLOYMENT_TARGET = 10.2;
				MTL_ENABLE_DEBUG_INFO = YES;
				ONLY_ACTIVE_ARCH = YES;
				SDKROOT = iphoneos;
				SWIFT_ACTIVE_COMPILATION_CONDITIONS = DEBUG;
				SWIFT_OPTIMIZATION_LEVEL = "-Onone";
			};
			name = Debug;
		};
		2FAB76151E17E96800D30E1F /* Release */ = {
			isa = XCBuildConfiguration;
			buildSettings = {
				ALWAYS_SEARCH_USER_PATHS = NO;
				CLANG_ANALYZER_NONNULL = YES;
				CLANG_CXX_LANGUAGE_STANDARD = "gnu++0x";
				CLANG_CXX_LIBRARY = "libc++";
				CLANG_ENABLE_MODULES = YES;
				CLANG_ENABLE_OBJC_ARC = YES;
				CLANG_WARN_BOOL_CONVERSION = YES;
				CLANG_WARN_CONSTANT_CONVERSION = YES;
				CLANG_WARN_DIRECT_OBJC_ISA_USAGE = YES_ERROR;
				CLANG_WARN_DOCUMENTATION_COMMENTS = YES;
				CLANG_WARN_EMPTY_BODY = YES;
				CLANG_WARN_ENUM_CONVERSION = YES;
				CLANG_WARN_INFINITE_RECURSION = YES;
				CLANG_WARN_INT_CONVERSION = YES;
				CLANG_WARN_OBJC_ROOT_CLASS = YES_ERROR;
				CLANG_WARN_SUSPICIOUS_MOVE = YES;
				CLANG_WARN_UNREACHABLE_CODE = YES;
				CLANG_WARN__DUPLICATE_METHOD_MATCH = YES;
				"CODE_SIGN_IDENTITY[sdk=iphoneos*]" = "iPhone Developer";
				COPY_PHASE_STRIP = NO;
				DEBUG_INFORMATION_FORMAT = "dwarf-with-dsym";
				ENABLE_NS_ASSERTIONS = NO;
				ENABLE_STRICT_OBJC_MSGSEND = YES;
				GCC_C_LANGUAGE_STANDARD = gnu99;
				GCC_NO_COMMON_BLOCKS = YES;
				GCC_WARN_64_TO_32_BIT_CONVERSION = YES;
				GCC_WARN_ABOUT_RETURN_TYPE = YES_ERROR;
				GCC_WARN_UNDECLARED_SELECTOR = YES;
				GCC_WARN_UNINITIALIZED_AUTOS = YES_AGGRESSIVE;
				GCC_WARN_UNUSED_FUNCTION = YES;
				GCC_WARN_UNUSED_VARIABLE = YES;
				IPHONEOS_DEPLOYMENT_TARGET = 10.2;
				MTL_ENABLE_DEBUG_INFO = NO;
				SDKROOT = iphoneos;
				SWIFT_OPTIMIZATION_LEVEL = "-Owholemodule";
				VALIDATE_PRODUCT = YES;
			};
			name = Release;
		};
		2FAB76171E17E96800D30E1F /* Debug */ = {
			isa = XCBuildConfiguration;
			buildSettings = {
				ASSETCATALOG_COMPILER_APPICON_NAME = AppIcon;
				DEVELOPMENT_TEAM = SM78J7YPSS;
				INFOPLIST_FILE = PartyRockMsn/Info.plist;
				LD_RUNPATH_SEARCH_PATHS = "$(inherited) @executable_path/Frameworks";
				PRODUCT_BUNDLE_IDENTIFIER = toppyapps.PartyRockMsn;
				PRODUCT_NAME = "$(TARGET_NAME)";
				SWIFT_VERSION = 3.0;
			};
			name = Debug;
		};
		2FAB76181E17E96800D30E1F /* Release */ = {
			isa = XCBuildConfiguration;
			buildSettings = {
				ASSETCATALOG_COMPILER_APPICON_NAME = AppIcon;
				DEVELOPMENT_TEAM = SM78J7YPSS;
				INFOPLIST_FILE = PartyRockMsn/Info.plist;
				LD_RUNPATH_SEARCH_PATHS = "$(inherited) @executable_path/Frameworks";
				PRODUCT_BUNDLE_IDENTIFIER = toppyapps.PartyRockMsn;
				PRODUCT_NAME = "$(TARGET_NAME)";
				SWIFT_VERSION = 3.0;
			};
			name = Release;
		};
/* End XCBuildConfiguration section */

/* Begin XCConfigurationList section */
		2FAB75FF1E17E96800D30E1F /* Build configuration list for PBXProject "PartyRockMsn" */ = {
			isa = XCConfigurationList;
			buildConfigurations = (
				2FAB76141E17E96800D30E1F /* Debug */,
				2FAB76151E17E96800D30E1F /* Release */,
			);
			defaultConfigurationIsVisible = 0;
			defaultConfigurationName = Release;
		};
		2FAB76161E17E96800D30E1F /* Build configuration list for PBXNativeTarget "PartyRockMsn" */ = {
			isa = XCConfigurationList;
			buildConfigurations = (
				2FAB76171E17E96800D30E1F /* Debug */,
				2FAB76181E17E96800D30E1F /* Release */,
			);
			defaultConfigurationIsVisible = 0;
			defaultConfigurationName = Release;
		};
/* End XCConfigurationList section */
	};
	rootObject = 2FAB75FC1E17E96800D30E1F /* Project object */;
}
